// !$*UTF8*$!
{
	archiveVersion = 1;
	classes = {
	};
	objectVersion = 55;
	objects = {

/* Begin PBXBuildFile section */
		745FD55928C3856900F85291 /* Github_SwiftUI_ReduxApp.swift in Sources */ = {isa = PBXBuildFile; fileRef = 745FD55828C3856900F85291 /* Github_SwiftUI_ReduxApp.swift */; };
		745FD55B28C3856900F85291 /* ContentView.swift in Sources */ = {isa = PBXBuildFile; fileRef = 745FD55A28C3856900F85291 /* ContentView.swift */; };
		745FD55D28C3856F00F85291 /* Assets.xcassets in Resources */ = {isa = PBXBuildFile; fileRef = 745FD55C28C3856F00F85291 /* Assets.xcassets */; };
		745FD56028C3856F00F85291 /* Preview Assets.xcassets in Resources */ = {isa = PBXBuildFile; fileRef = 745FD55F28C3856F00F85291 /* Preview Assets.xcassets */; };
		745FD56A28C3856F00F85291 /* Github_SwiftUI_ReduxTests.swift in Sources */ = {isa = PBXBuildFile; fileRef = 745FD56928C3856F00F85291 /* Github_SwiftUI_ReduxTests.swift */; };
		745FD57428C3857000F85291 /* Github_SwiftUI_ReduxUITests.swift in Sources */ = {isa = PBXBuildFile; fileRef = 745FD57328C3857000F85291 /* Github_SwiftUI_ReduxUITests.swift */; };
		745FD57628C3857000F85291 /* Github_SwiftUI_ReduxUITestsLaunchTests.swift in Sources */ = {isa = PBXBuildFile; fileRef = 745FD57528C3857000F85291 /* Github_SwiftUI_ReduxUITestsLaunchTests.swift */; };
		745FD58528C38CBB00F85291 /* Store.swift in Sources */ = {isa = PBXBuildFile; fileRef = 745FD58428C38CBB00F85291 /* Store.swift */; };
		745FD58828C393EE00F85291 /* GithubRepository.swift in Sources */ = {isa = PBXBuildFile; fileRef = 745FD58728C393EE00F85291 /* GithubRepository.swift */; };
		745FD58A28C3945D00F85291 /* GithubRepositoryOwner.swift in Sources */ = {isa = PBXBuildFile; fileRef = 745FD58928C3945D00F85291 /* GithubRepositoryOwner.swift */; };
		745FD58C28C394BA00F85291 /* SearchRepositoryResponse.swift in Sources */ = {isa = PBXBuildFile; fileRef = 745FD58B28C394BA00F85291 /* SearchRepositoryResponse.swift */; };
		745FD58F28C3954300F85291 /* GithubItemView.swift in Sources */ = {isa = PBXBuildFile; fileRef = 745FD58E28C3954300F85291 /* GithubItemView.swift */; };
		745FD59228C3C48300F85291 /* APIClient.swift in Sources */ = {isa = PBXBuildFile; fileRef = 745FD59128C3C48300F85291 /* APIClient.swift */; };
		745FD59428C3C59F00F85291 /* APIError.swift in Sources */ = {isa = PBXBuildFile; fileRef = 745FD59328C3C59F00F85291 /* APIError.swift */; };
		745FD59728C3D0B900F85291 /* SessionMiddleware.swift in Sources */ = {isa = PBXBuildFile; fileRef = 745FD59628C3D0B900F85291 /* SessionMiddleware.swift */; };
		745FD59928C48A0500F85291 /* State.swift in Sources */ = {isa = PBXBuildFile; fileRef = 745FD59828C48A0500F85291 /* State.swift */; };
		745FD59B28C48A3800F85291 /* Action.swift in Sources */ = {isa = PBXBuildFile; fileRef = 745FD59A28C48A3800F85291 /* Action.swift */; };
		745FD59D28C48A8200F85291 /* Reducer.swift in Sources */ = {isa = PBXBuildFile; fileRef = 745FD59C28C48A8200F85291 /* Reducer.swift */; };
/* End PBXBuildFile section */

/* Begin PBXContainerItemProxy section */
		745FD56628C3856F00F85291 /* PBXContainerItemProxy */ = {
			isa = PBXContainerItemProxy;
			containerPortal = 745FD54D28C3856800F85291 /* Project object */;
			proxyType = 1;
			remoteGlobalIDString = 745FD55428C3856900F85291;
			remoteInfo = "Github-SwiftUI-Redux";
		};
		745FD57028C3856F00F85291 /* PBXContainerItemProxy */ = {
			isa = PBXContainerItemProxy;
			containerPortal = 745FD54D28C3856800F85291 /* Project object */;
			proxyType = 1;
			remoteGlobalIDString = 745FD55428C3856900F85291;
			remoteInfo = "Github-SwiftUI-Redux";
		};
/* End PBXContainerItemProxy section */

/* Begin PBXFileReference section */
		745FD55528C3856900F85291 /* Github-SwiftUI-Redux.app */ = {isa = PBXFileReference; explicitFileType = wrapper.application; includeInIndex = 0; path = "Github-SwiftUI-Redux.app"; sourceTree = BUILT_PRODUCTS_DIR; };
		745FD55828C3856900F85291 /* Github_SwiftUI_ReduxApp.swift */ = {isa = PBXFileReference; lastKnownFileType = sourcecode.swift; path = Github_SwiftUI_ReduxApp.swift; sourceTree = "<group>"; };
		745FD55A28C3856900F85291 /* ContentView.swift */ = {isa = PBXFileReference; lastKnownFileType = sourcecode.swift; path = ContentView.swift; sourceTree = "<group>"; };
		745FD55C28C3856F00F85291 /* Assets.xcassets */ = {isa = PBXFileReference; lastKnownFileType = folder.assetcatalog; path = Assets.xcassets; sourceTree = "<group>"; };
		745FD55F28C3856F00F85291 /* Preview Assets.xcassets */ = {isa = PBXFileReference; lastKnownFileType = folder.assetcatalog; path = "Preview Assets.xcassets"; sourceTree = "<group>"; };
		745FD56528C3856F00F85291 /* Github-SwiftUI-ReduxTests.xctest */ = {isa = PBXFileReference; explicitFileType = wrapper.cfbundle; includeInIndex = 0; path = "Github-SwiftUI-ReduxTests.xctest"; sourceTree = BUILT_PRODUCTS_DIR; };
		745FD56928C3856F00F85291 /* Github_SwiftUI_ReduxTests.swift */ = {isa = PBXFileReference; lastKnownFileType = sourcecode.swift; path = Github_SwiftUI_ReduxTests.swift; sourceTree = "<group>"; };
		745FD56F28C3856F00F85291 /* Github-SwiftUI-ReduxUITests.xctest */ = {isa = PBXFileReference; explicitFileType = wrapper.cfbundle; includeInIndex = 0; path = "Github-SwiftUI-ReduxUITests.xctest"; sourceTree = BUILT_PRODUCTS_DIR; };
		745FD57328C3857000F85291 /* Github_SwiftUI_ReduxUITests.swift */ = {isa = PBXFileReference; lastKnownFileType = sourcecode.swift; path = Github_SwiftUI_ReduxUITests.swift; sourceTree = "<group>"; };
		745FD57528C3857000F85291 /* Github_SwiftUI_ReduxUITestsLaunchTests.swift */ = {isa = PBXFileReference; lastKnownFileType = sourcecode.swift; path = Github_SwiftUI_ReduxUITestsLaunchTests.swift; sourceTree = "<group>"; };
		745FD58428C38CBB00F85291 /* Store.swift */ = {isa = PBXFileReference; lastKnownFileType = sourcecode.swift; path = Store.swift; sourceTree = "<group>"; };
		745FD58728C393EE00F85291 /* GithubRepository.swift */ = {isa = PBXFileReference; lastKnownFileType = sourcecode.swift; path = GithubRepository.swift; sourceTree = "<group>"; };
		745FD58928C3945D00F85291 /* GithubRepositoryOwner.swift */ = {isa = PBXFileReference; lastKnownFileType = sourcecode.swift; path = GithubRepositoryOwner.swift; sourceTree = "<group>"; };
		745FD58B28C394BA00F85291 /* SearchRepositoryResponse.swift */ = {isa = PBXFileReference; lastKnownFileType = sourcecode.swift; path = SearchRepositoryResponse.swift; sourceTree = "<group>"; };
		745FD58E28C3954300F85291 /* GithubItemView.swift */ = {isa = PBXFileReference; lastKnownFileType = sourcecode.swift; path = GithubItemView.swift; sourceTree = "<group>"; };
		745FD59128C3C48300F85291 /* APIClient.swift */ = {isa = PBXFileReference; lastKnownFileType = sourcecode.swift; path = APIClient.swift; sourceTree = "<group>"; };
		745FD59328C3C59F00F85291 /* APIError.swift */ = {isa = PBXFileReference; lastKnownFileType = sourcecode.swift; path = APIError.swift; sourceTree = "<group>"; };
		745FD59628C3D0B900F85291 /* SessionMiddleware.swift */ = {isa = PBXFileReference; lastKnownFileType = sourcecode.swift; path = SessionMiddleware.swift; sourceTree = "<group>"; };
		745FD59828C48A0500F85291 /* State.swift */ = {isa = PBXFileReference; lastKnownFileType = sourcecode.swift; path = State.swift; sourceTree = "<group>"; };
		745FD59A28C48A3800F85291 /* Action.swift */ = {isa = PBXFileReference; lastKnownFileType = sourcecode.swift; path = Action.swift; sourceTree = "<group>"; };
		745FD59C28C48A8200F85291 /* Reducer.swift */ = {isa = PBXFileReference; lastKnownFileType = sourcecode.swift; path = Reducer.swift; sourceTree = "<group>"; };
/* End PBXFileReference section */

/* Begin PBXFrameworksBuildPhase section */
		745FD55228C3856900F85291 /* Frameworks */ = {
			isa = PBXFrameworksBuildPhase;
			buildActionMask = 2147483647;
			files = (
			);
			runOnlyForDeploymentPostprocessing = 0;
		};
		745FD56228C3856F00F85291 /* Frameworks */ = {
			isa = PBXFrameworksBuildPhase;
			buildActionMask = 2147483647;
			files = (
			);
			runOnlyForDeploymentPostprocessing = 0;
		};
		745FD56C28C3856F00F85291 /* Frameworks */ = {
			isa = PBXFrameworksBuildPhase;
			buildActionMask = 2147483647;
			files = (
			);
			runOnlyForDeploymentPostprocessing = 0;
		};
/* End PBXFrameworksBuildPhase section */

/* Begin PBXGroup section */
		745FD54C28C3856800F85291 = {
			isa = PBXGroup;
			children = (
				745FD55728C3856900F85291 /* Github-SwiftUI-Redux */,
				745FD56828C3856F00F85291 /* Github-SwiftUI-ReduxTests */,
				745FD57228C3857000F85291 /* Github-SwiftUI-ReduxUITests */,
				745FD55628C3856900F85291 /* Products */,
			);
			sourceTree = "<group>";
		};
		745FD55628C3856900F85291 /* Products */ = {
			isa = PBXGroup;
			children = (
				745FD55528C3856900F85291 /* Github-SwiftUI-Redux.app */,
				745FD56528C3856F00F85291 /* Github-SwiftUI-ReduxTests.xctest */,
				745FD56F28C3856F00F85291 /* Github-SwiftUI-ReduxUITests.xctest */,
			);
			name = Products;
			sourceTree = "<group>";
		};
		745FD55728C3856900F85291 /* Github-SwiftUI-Redux */ = {
			isa = PBXGroup;
			children = (
				745FD58328C38C8100F85291 /* Store */,
				745FD59528C3D07000F85291 /* Middlewares */,
				745FD59028C3C44400F85291 /* Service */,
				745FD58D28C3951C00F85291 /* View */,
				745FD58628C3937000F85291 /* Model */,
				745FD55828C3856900F85291 /* Github_SwiftUI_ReduxApp.swift */,
				745FD55A28C3856900F85291 /* ContentView.swift */,
				745FD55C28C3856F00F85291 /* Assets.xcassets */,
				745FD55E28C3856F00F85291 /* Preview Content */,
			);
			path = "Github-SwiftUI-Redux";
			sourceTree = "<group>";
		};
		745FD55E28C3856F00F85291 /* Preview Content */ = {
			isa = PBXGroup;
			children = (
				745FD55F28C3856F00F85291 /* Preview Assets.xcassets */,
			);
			path = "Preview Content";
			sourceTree = "<group>";
		};
		745FD56828C3856F00F85291 /* Github-SwiftUI-ReduxTests */ = {
			isa = PBXGroup;
			children = (
				745FD56928C3856F00F85291 /* Github_SwiftUI_ReduxTests.swift */,
			);
			path = "Github-SwiftUI-ReduxTests";
			sourceTree = "<group>";
		};
		745FD57228C3857000F85291 /* Github-SwiftUI-ReduxUITests */ = {
			isa = PBXGroup;
			children = (
				745FD57328C3857000F85291 /* Github_SwiftUI_ReduxUITests.swift */,
				745FD57528C3857000F85291 /* Github_SwiftUI_ReduxUITestsLaunchTests.swift */,
			);
			path = "Github-SwiftUI-ReduxUITests";
			sourceTree = "<group>";
		};
		745FD58328C38C8100F85291 /* Store */ = {
			isa = PBXGroup;
			children = (
				745FD58428C38CBB00F85291 /* Store.swift */,
				745FD59828C48A0500F85291 /* State.swift */,
				745FD59A28C48A3800F85291 /* Action.swift */,
				745FD59C28C48A8200F85291 /* Reducer.swift */,
			);
			path = Store;
			sourceTree = "<group>";
		};
		745FD58628C3937000F85291 /* Model */ = {
			isa = PBXGroup;
			children = (
				745FD58728C393EE00F85291 /* GithubRepository.swift */,
				745FD58928C3945D00F85291 /* GithubRepositoryOwner.swift */,
				745FD58B28C394BA00F85291 /* SearchRepositoryResponse.swift */,
			);
			path = Model;
			sourceTree = "<group>";
		};
		745FD58D28C3951C00F85291 /* View */ = {
			isa = PBXGroup;
			children = (
				745FD58E28C3954300F85291 /* GithubItemView.swift */,
			);
			path = View;
			sourceTree = "<group>";
		};
		745FD59028C3C44400F85291 /* Service */ = {
			isa = PBXGroup;
			children = (
				745FD59128C3C48300F85291 /* APIClient.swift */,
				745FD59328C3C59F00F85291 /* APIError.swift */,
			);
			path = Service;
			sourceTree = "<group>";
		};
		745FD59528C3D07000F85291 /* Middlewares */ = {
			isa = PBXGroup;
			children = (
				745FD59628C3D0B900F85291 /* SessionMiddleware.swift */,
			);
			path = Middlewares;
			sourceTree = "<group>";
		};
/* End PBXGroup section */

/* Begin PBXNativeTarget section */
		745FD55428C3856900F85291 /* Github-SwiftUI-Redux */ = {
			isa = PBXNativeTarget;
			buildConfigurationList = 745FD57928C3857000F85291 /* Build configuration list for PBXNativeTarget "Github-SwiftUI-Redux" */;
			buildPhases = (
				745FD55128C3856900F85291 /* Sources */,
				745FD55228C3856900F85291 /* Frameworks */,
				745FD55328C3856900F85291 /* Resources */,
				745FD58228C38B5D00F85291 /* Run SwiftLint */,
			);
			buildRules = (
			);
			dependencies = (
			);
			name = "Github-SwiftUI-Redux";
			productName = "Github-SwiftUI-Redux";
			productReference = 745FD55528C3856900F85291 /* Github-SwiftUI-Redux.app */;
			productType = "com.apple.product-type.application";
		};
		745FD56428C3856F00F85291 /* Github-SwiftUI-ReduxTests */ = {
			isa = PBXNativeTarget;
			buildConfigurationList = 745FD57C28C3857000F85291 /* Build configuration list for PBXNativeTarget "Github-SwiftUI-ReduxTests" */;
			buildPhases = (
				745FD56128C3856F00F85291 /* Sources */,
				745FD56228C3856F00F85291 /* Frameworks */,
				745FD56328C3856F00F85291 /* Resources */,
			);
			buildRules = (
			);
			dependencies = (
				745FD56728C3856F00F85291 /* PBXTargetDependency */,
			);
			name = "Github-SwiftUI-ReduxTests";
			productName = "Github-SwiftUI-ReduxTests";
			productReference = 745FD56528C3856F00F85291 /* Github-SwiftUI-ReduxTests.xctest */;
			productType = "com.apple.product-type.bundle.unit-test";
		};
		745FD56E28C3856F00F85291 /* Github-SwiftUI-ReduxUITests */ = {
			isa = PBXNativeTarget;
			buildConfigurationList = 745FD57F28C3857000F85291 /* Build configuration list for PBXNativeTarget "Github-SwiftUI-ReduxUITests" */;
			buildPhases = (
				745FD56B28C3856F00F85291 /* Sources */,
				745FD56C28C3856F00F85291 /* Frameworks */,
				745FD56D28C3856F00F85291 /* Resources */,
			);
			buildRules = (
			);
			dependencies = (
				745FD57128C3856F00F85291 /* PBXTargetDependency */,
			);
			name = "Github-SwiftUI-ReduxUITests";
			productName = "Github-SwiftUI-ReduxUITests";
			productReference = 745FD56F28C3856F00F85291 /* Github-SwiftUI-ReduxUITests.xctest */;
			productType = "com.apple.product-type.bundle.ui-testing";
		};
/* End PBXNativeTarget section */

/* Begin PBXProject section */
		745FD54D28C3856800F85291 /* Project object */ = {
			isa = PBXProject;
			attributes = {
				BuildIndependentTargetsInParallel = 1;
				LastSwiftUpdateCheck = 1340;
				LastUpgradeCheck = 1340;
				TargetAttributes = {
					745FD55428C3856900F85291 = {
						CreatedOnToolsVersion = 13.4;
					};
					745FD56428C3856F00F85291 = {
						CreatedOnToolsVersion = 13.4;
						TestTargetID = 745FD55428C3856900F85291;
					};
					745FD56E28C3856F00F85291 = {
						CreatedOnToolsVersion = 13.4;
						TestTargetID = 745FD55428C3856900F85291;
					};
				};
			};
			buildConfigurationList = 745FD55028C3856800F85291 /* Build configuration list for PBXProject "Github-SwiftUI-Redux" */;
			compatibilityVersion = "Xcode 13.0";
			developmentRegion = en;
			hasScannedForEncodings = 0;
			knownRegions = (
				en,
				Base,
			);
			mainGroup = 745FD54C28C3856800F85291;
			productRefGroup = 745FD55628C3856900F85291 /* Products */;
			projectDirPath = "";
			projectRoot = "";
			targets = (
				745FD55428C3856900F85291 /* Github-SwiftUI-Redux */,
				745FD56428C3856F00F85291 /* Github-SwiftUI-ReduxTests */,
				745FD56E28C3856F00F85291 /* Github-SwiftUI-ReduxUITests */,
			);
		};
/* End PBXProject section */

/* Begin PBXResourcesBuildPhase section */
		745FD55328C3856900F85291 /* Resources */ = {
			isa = PBXResourcesBuildPhase;
			buildActionMask = 2147483647;
			files = (
				745FD56028C3856F00F85291 /* Preview Assets.xcassets in Resources */,
				745FD55D28C3856F00F85291 /* Assets.xcassets in Resources */,
			);
			runOnlyForDeploymentPostprocessing = 0;
		};
		745FD56328C3856F00F85291 /* Resources */ = {
			isa = PBXResourcesBuildPhase;
			buildActionMask = 2147483647;
			files = (
			);
			runOnlyForDeploymentPostprocessing = 0;
		};
		745FD56D28C3856F00F85291 /* Resources */ = {
			isa = PBXResourcesBuildPhase;
			buildActionMask = 2147483647;
			files = (
			);
			runOnlyForDeploymentPostprocessing = 0;
		};
/* End PBXResourcesBuildPhase section */

/* Begin PBXShellScriptBuildPhase section */
		745FD58228C38B5D00F85291 /* Run SwiftLint */ = {
			isa = PBXShellScriptBuildPhase;
			buildActionMask = 2147483647;
			files = (
			);
			inputFileListPaths = (
			);
			inputPaths = (
			);
			name = "Run SwiftLint";
			outputFileListPaths = (
			);
			outputPaths = (
			);
			runOnlyForDeploymentPostprocessing = 0;
			shellPath = /bin/sh;
			shellScript = "if which swiftlint >/dev/null; then\n  swiftlint\nelse\n  echo \"SwiftLint does not exist, download from https://github.com/realm/SwiftLint\"\nfi\n";
		};
/* End PBXShellScriptBuildPhase section */

/* Begin PBXSourcesBuildPhase section */
		745FD55128C3856900F85291 /* Sources */ = {
			isa = PBXSourcesBuildPhase;
			buildActionMask = 2147483647;
			files = (
				745FD58C28C394BA00F85291 /* SearchRepositoryResponse.swift in Sources */,
				745FD59B28C48A3800F85291 /* Action.swift in Sources */,
				745FD58828C393EE00F85291 /* GithubRepository.swift in Sources */,
				745FD58F28C3954300F85291 /* GithubItemView.swift in Sources */,
				745FD59928C48A0500F85291 /* State.swift in Sources */,
				745FD59228C3C48300F85291 /* APIClient.swift in Sources */,
				745FD58A28C3945D00F85291 /* GithubRepositoryOwner.swift in Sources */,
				745FD58528C38CBB00F85291 /* Store.swift in Sources */,
				745FD59728C3D0B900F85291 /* SessionMiddleware.swift in Sources */,
				745FD55B28C3856900F85291 /* ContentView.swift in Sources */,
				745FD59D28C48A8200F85291 /* Reducer.swift in Sources */,
				745FD55928C3856900F85291 /* Github_SwiftUI_ReduxApp.swift in Sources */,
				745FD59428C3C59F00F85291 /* APIError.swift in Sources */,
			);
			runOnlyForDeploymentPostprocessing = 0;
		};
		745FD56128C3856F00F85291 /* Sources */ = {
			isa = PBXSourcesBuildPhase;
			buildActionMask = 2147483647;
			files = (
				745FD56A28C3856F00F85291 /* Github_SwiftUI_ReduxTests.swift in Sources */,
			);
			runOnlyForDeploymentPostprocessing = 0;
		};
		745FD56B28C3856F00F85291 /* Sources */ = {
			isa = PBXSourcesBuildPhase;
			buildActionMask = 2147483647;
			files = (
				745FD57628C3857000F85291 /* Github_SwiftUI_ReduxUITestsLaunchTests.swift in Sources */,
				745FD57428C3857000F85291 /* Github_SwiftUI_ReduxUITests.swift in Sources */,
			);
			runOnlyForDeploymentPostprocessing = 0;
		};
/* End PBXSourcesBuildPhase section */

/* Begin PBXTargetDependency section */
		745FD56728C3856F00F85291 /* PBXTargetDependency */ = {
			isa = PBXTargetDependency;
			target = 745FD55428C3856900F85291 /* Github-SwiftUI-Redux */;
			targetProxy = 745FD56628C3856F00F85291 /* PBXContainerItemProxy */;
		};
		745FD57128C3856F00F85291 /* PBXTargetDependency */ = {
			isa = PBXTargetDependency;
			target = 745FD55428C3856900F85291 /* Github-SwiftUI-Redux */;
			targetProxy = 745FD57028C3856F00F85291 /* PBXContainerItemProxy */;
		};
/* End PBXTargetDependency section */

/* Begin XCBuildConfiguration section */
		745FD57728C3857000F85291 /* Debug */ = {
			isa = XCBuildConfiguration;
			buildSettings = {
				ALWAYS_SEARCH_USER_PATHS = NO;
				CLANG_ANALYZER_NONNULL = YES;
				CLANG_ANALYZER_NUMBER_OBJECT_CONVERSION = YES_AGGRESSIVE;
				CLANG_CXX_LANGUAGE_STANDARD = "gnu++17";
				CLANG_ENABLE_MODULES = YES;
				CLANG_ENABLE_OBJC_ARC = YES;
				CLANG_ENABLE_OBJC_WEAK = YES;
				CLANG_WARN_BLOCK_CAPTURE_AUTORELEASING = YES;
				CLANG_WARN_BOOL_CONVERSION = YES;
				CLANG_WARN_COMMA = YES;
				CLANG_WARN_CONSTANT_CONVERSION = YES;
				CLANG_WARN_DEPRECATED_OBJC_IMPLEMENTATIONS = YES;
				CLANG_WARN_DIRECT_OBJC_ISA_USAGE = YES_ERROR;
				CLANG_WARN_DOCUMENTATION_COMMENTS = YES;
				CLANG_WARN_EMPTY_BODY = YES;
				CLANG_WARN_ENUM_CONVERSION = YES;
				CLANG_WARN_INFINITE_RECURSION = YES;
				CLANG_WARN_INT_CONVERSION = YES;
				CLANG_WARN_NON_LITERAL_NULL_CONVERSION = YES;
				CLANG_WARN_OBJC_IMPLICIT_RETAIN_SELF = YES;
				CLANG_WARN_OBJC_LITERAL_CONVERSION = YES;
				CLANG_WARN_OBJC_ROOT_CLASS = YES_ERROR;
				CLANG_WARN_QUOTED_INCLUDE_IN_FRAMEWORK_HEADER = YES;
				CLANG_WARN_RANGE_LOOP_ANALYSIS = YES;
				CLANG_WARN_STRICT_PROTOTYPES = YES;
				CLANG_WARN_SUSPICIOUS_MOVE = YES;
				CLANG_WARN_UNGUARDED_AVAILABILITY = YES_AGGRESSIVE;
				CLANG_WARN_UNREACHABLE_CODE = YES;
				CLANG_WARN__DUPLICATE_METHOD_MATCH = YES;
				COPY_PHASE_STRIP = NO;
				DEBUG_INFORMATION_FORMAT = dwarf;
				ENABLE_STRICT_OBJC_MSGSEND = YES;
				ENABLE_TESTABILITY = YES;
				GCC_C_LANGUAGE_STANDARD = gnu11;
				GCC_DYNAMIC_NO_PIC = NO;
				GCC_NO_COMMON_BLOCKS = YES;
				GCC_OPTIMIZATION_LEVEL = 0;
				GCC_PREPROCESSOR_DEFINITIONS = (
					"DEBUG=1",
					"$(inherited)",
				);
				GCC_WARN_64_TO_32_BIT_CONVERSION = YES;
				GCC_WARN_ABOUT_RETURN_TYPE = YES_ERROR;
				GCC_WARN_UNDECLARED_SELECTOR = YES;
				GCC_WARN_UNINITIALIZED_AUTOS = YES_AGGRESSIVE;
				GCC_WARN_UNUSED_FUNCTION = YES;
				GCC_WARN_UNUSED_VARIABLE = YES;
				IPHONEOS_DEPLOYMENT_TARGET = 15.5;
				MTL_ENABLE_DEBUG_INFO = INCLUDE_SOURCE;
				MTL_FAST_MATH = YES;
				ONLY_ACTIVE_ARCH = YES;
				SDKROOT = iphoneos;
				SWIFT_ACTIVE_COMPILATION_CONDITIONS = DEBUG;
				SWIFT_OPTIMIZATION_LEVEL = "-Onone";
			};
			name = Debug;
		};
		745FD57828C3857000F85291 /* Release */ = {
			isa = XCBuildConfiguration;
			buildSettings = {
				ALWAYS_SEARCH_USER_PATHS = NO;
				CLANG_ANALYZER_NONNULL = YES;
				CLANG_ANALYZER_NUMBER_OBJECT_CONVERSION = YES_AGGRESSIVE;
				CLANG_CXX_LANGUAGE_STANDARD = "gnu++17";
				CLANG_ENABLE_MODULES = YES;
				CLANG_ENABLE_OBJC_ARC = YES;
				CLANG_ENABLE_OBJC_WEAK = YES;
				CLANG_WARN_BLOCK_CAPTURE_AUTORELEASING = YES;
				CLANG_WARN_BOOL_CONVERSION = YES;
				CLANG_WARN_COMMA = YES;
				CLANG_WARN_CONSTANT_CONVERSION = YES;
				CLANG_WARN_DEPRECATED_OBJC_IMPLEMENTATIONS = YES;
				CLANG_WARN_DIRECT_OBJC_ISA_USAGE = YES_ERROR;
				CLANG_WARN_DOCUMENTATION_COMMENTS = YES;
				CLANG_WARN_EMPTY_BODY = YES;
				CLANG_WARN_ENUM_CONVERSION = YES;
				CLANG_WARN_INFINITE_RECURSION = YES;
				CLANG_WARN_INT_CONVERSION = YES;
				CLANG_WARN_NON_LITERAL_NULL_CONVERSION = YES;
				CLANG_WARN_OBJC_IMPLICIT_RETAIN_SELF = YES;
				CLANG_WARN_OBJC_LITERAL_CONVERSION = YES;
				CLANG_WARN_OBJC_ROOT_CLASS = YES_ERROR;
				CLANG_WARN_QUOTED_INCLUDE_IN_FRAMEWORK_HEADER = YES;
				CLANG_WARN_RANGE_LOOP_ANALYSIS = YES;
				CLANG_WARN_STRICT_PROTOTYPES = YES;
				CLANG_WARN_SUSPICIOUS_MOVE = YES;
				CLANG_WARN_UNGUARDED_AVAILABILITY = YES_AGGRESSIVE;
				CLANG_WARN_UNREACHABLE_CODE = YES;
				CLANG_WARN__DUPLICATE_METHOD_MATCH = YES;
				COPY_PHASE_STRIP = NO;
				DEBUG_INFORMATION_FORMAT = "dwarf-with-dsym";
				ENABLE_NS_ASSERTIONS = NO;
				ENABLE_STRICT_OBJC_MSGSEND = YES;
				GCC_C_LANGUAGE_STANDARD = gnu11;
				GCC_NO_COMMON_BLOCKS = YES;
				GCC_WARN_64_TO_32_BIT_CONVERSION = YES;
				GCC_WARN_ABOUT_RETURN_TYPE = YES_ERROR;
				GCC_WARN_UNDECLARED_SELECTOR = YES;
				GCC_WARN_UNINITIALIZED_AUTOS = YES_AGGRESSIVE;
				GCC_WARN_UNUSED_FUNCTION = YES;
				GCC_WARN_UNUSED_VARIABLE = YES;
				IPHONEOS_DEPLOYMENT_TARGET = 15.5;
				MTL_ENABLE_DEBUG_INFO = NO;
				MTL_FAST_MATH = YES;
				SDKROOT = iphoneos;
				SWIFT_COMPILATION_MODE = wholemodule;
				SWIFT_OPTIMIZATION_LEVEL = "-O";
				VALIDATE_PRODUCT = YES;
			};
			name = Release;
		};
		745FD57A28C3857000F85291 /* Debug */ = {
			isa = XCBuildConfiguration;
			buildSettings = {
				ASSETCATALOG_COMPILER_APPICON_NAME = AppIcon;
				ASSETCATALOG_COMPILER_GLOBAL_ACCENT_COLOR_NAME = AccentColor;
				CODE_SIGN_STYLE = Automatic;
				CURRENT_PROJECT_VERSION = 1;
				DEVELOPMENT_ASSET_PATHS = "\"Github-SwiftUI-Redux/Preview Content\"";
				DEVELOPMENT_TEAM = TKUKNKW8ZJ;
				ENABLE_PREVIEWS = YES;
				GENERATE_INFOPLIST_FILE = YES;
				INFOPLIST_KEY_UIApplicationSceneManifest_Generation = YES;
				INFOPLIST_KEY_UIApplicationSupportsIndirectInputEvents = YES;
				INFOPLIST_KEY_UILaunchScreen_Generation = YES;
				INFOPLIST_KEY_UISupportedInterfaceOrientations_iPad = "UIInterfaceOrientationPortrait UIInterfaceOrientationPortraitUpsideDown UIInterfaceOrientationLandscapeLeft UIInterfaceOrientationLandscapeRight";
				INFOPLIST_KEY_UISupportedInterfaceOrientations_iPhone = "UIInterfaceOrientationPortrait UIInterfaceOrientationLandscapeLeft UIInterfaceOrientationLandscapeRight";
				LD_RUNPATH_SEARCH_PATHS = (
					"$(inherited)",
					"@executable_path/Frameworks",
				);
				MARKETING_VERSION = 1.0;
				PRODUCT_BUNDLE_IDENTIFIER = "sinyu.com.Github-SwiftUI-Redux";
				PRODUCT_NAME = "$(TARGET_NAME)";
				SWIFT_EMIT_LOC_STRINGS = YES;
				SWIFT_VERSION = 5.0;
				TARGETED_DEVICE_FAMILY = "1,2";
			};
			name = Debug;
		};
		745FD57B28C3857000F85291 /* Release */ = {
			isa = XCBuildConfiguration;
			buildSettings = {
				ASSETCATALOG_COMPILER_APPICON_NAME = AppIcon;
				ASSETCATALOG_COMPILER_GLOBAL_ACCENT_COLOR_NAME = AccentColor;
				CODE_SIGN_STYLE = Automatic;
				CURRENT_PROJECT_VERSION = 1;
				DEVELOPMENT_ASSET_PATHS = "\"Github-SwiftUI-Redux/Preview Content\"";
				DEVELOPMENT_TEAM = TKUKNKW8ZJ;
				ENABLE_PREVIEWS = YES;
				GENERATE_INFOPLIST_FILE = YES;
				INFOPLIST_KEY_UIApplicationSceneManifest_Generation = YES;
				INFOPLIST_KEY_UIApplicationSupportsIndirectInputEvents = YES;
				INFOPLIST_KEY_UILaunchScreen_Generation = YES;
				INFOPLIST_KEY_UISupportedInterfaceOrientations_iPad = "UIInterfaceOrientationPortrait UIInterfaceOrientationPortraitUpsideDown UIInterfaceOrientationLandscapeLeft UIInterfaceOrientationLandscapeRight";
				INFOPLIST_KEY_UISupportedInterfaceOrientations_iPhone = "UIInterfaceOrientationPortrait UIInterfaceOrientationLandscapeLeft UIInterfaceOrientationLandscapeRight";
				LD_RUNPATH_SEARCH_PATHS = (
					"$(inherited)",
					"@executable_path/Frameworks",
				);
				MARKETING_VERSION = 1.0;
				PRODUCT_BUNDLE_IDENTIFIER = "sinyu.com.Github-SwiftUI-Redux";
				PRODUCT_NAME = "$(TARGET_NAME)";
				SWIFT_EMIT_LOC_STRINGS = YES;
				SWIFT_VERSION = 5.0;
				TARGETED_DEVICE_FAMILY = "1,2";
			};
			name = Release;
		};
		745FD57D28C3857000F85291 /* Debug */ = {
			isa = XCBuildConfiguration;
			buildSettings = {
				ALWAYS_EMBED_SWIFT_STANDARD_LIBRARIES = YES;
				BUNDLE_LOADER = "$(TEST_HOST)";
				CODE_SIGN_STYLE = Automatic;
				CURRENT_PROJECT_VERSION = 1;
				DEVELOPMENT_TEAM = TKUKNKW8ZJ;
				GENERATE_INFOPLIST_FILE = YES;
				IPHONEOS_DEPLOYMENT_TARGET = 15.5;
				MARKETING_VERSION = 1.0;
				PRODUCT_BUNDLE_IDENTIFIER = "sinyu.com.Github-SwiftUI-ReduxTests";
				PRODUCT_NAME = "$(TARGET_NAME)";
				SWIFT_EMIT_LOC_STRINGS = NO;
				SWIFT_VERSION = 5.0;
				TARGETED_DEVICE_FAMILY = "1,2";
				TEST_HOST = "$(BUILT_PRODUCTS_DIR)/Github-SwiftUI-Redux.app/Github-SwiftUI-Redux";
			};
			name = Debug;
		};
		745FD57E28C3857000F85291 /* Release */ = {
			isa = XCBuildConfiguration;
			buildSettings = {
				ALWAYS_EMBED_SWIFT_STANDARD_LIBRARIES = YES;
				BUNDLE_LOADER = "$(TEST_HOST)";
				CODE_SIGN_STYLE = Automatic;
				CURRENT_PROJECT_VERSION = 1;
				DEVELOPMENT_TEAM = TKUKNKW8ZJ;
				GENERATE_INFOPLIST_FILE = YES;
				IPHONEOS_DEPLOYMENT_TARGET = 15.5;
				MARKETING_VERSION = 1.0;
				PRODUCT_BUNDLE_IDENTIFIER = "sinyu.com.Github-SwiftUI-ReduxTests";
				PRODUCT_NAME = "$(TARGET_NAME)";
				SWIFT_EMIT_LOC_STRINGS = NO;
				SWIFT_VERSION = 5.0;
				TARGETED_DEVICE_FAMILY = "1,2";
				TEST_HOST = "$(BUILT_PRODUCTS_DIR)/Github-SwiftUI-Redux.app/Github-SwiftUI-Redux";
			};
			name = Release;
		};
		745FD58028C3857000F85291 /* Debug */ = {
			isa = XCBuildConfiguration;
			buildSettings = {
				ALWAYS_EMBED_SWIFT_STANDARD_LIBRARIES = YES;
				CODE_SIGN_STYLE = Automatic;
				CURRENT_PROJECT_VERSION = 1;
				DEVELOPMENT_TEAM = TKUKNKW8ZJ;
				GENERATE_INFOPLIST_FILE = YES;
				MARKETING_VERSION = 1.0;
				PRODUCT_BUNDLE_IDENTIFIER = "sinyu.com.Github-SwiftUI-ReduxUITests";
				PRODUCT_NAME = "$(TARGET_NAME)";
				SWIFT_EMIT_LOC_STRINGS = NO;
				SWIFT_VERSION = 5.0;
				TARGETED_DEVICE_FAMILY = "1,2";
				TEST_TARGET_NAME = "Github-SwiftUI-Redux";
			};
			name = Debug;
		};
		745FD58128C3857000F85291 /* Release */ = {
			isa = XCBuildConfiguration;
			buildSettings = {
				ALWAYS_EMBED_SWIFT_STANDARD_LIBRARIES = YES;
				CODE_SIGN_STYLE = Automatic;
				CURRENT_PROJECT_VERSION = 1;
				DEVELOPMENT_TEAM = TKUKNKW8ZJ;
				GENERATE_INFOPLIST_FILE = YES;
				MARKETING_VERSION = 1.0;
				PRODUCT_BUNDLE_IDENTIFIER = "sinyu.com.Github-SwiftUI-ReduxUITests";
				PRODUCT_NAME = "$(TARGET_NAME)";
				SWIFT_EMIT_LOC_STRINGS = NO;
				SWIFT_VERSION = 5.0;
				TARGETED_DEVICE_FAMILY = "1,2";
				TEST_TARGET_NAME = "Github-SwiftUI-Redux";
			};
			name = Release;
		};
/* End XCBuildConfiguration section */

/* Begin XCConfigurationList section */
		745FD55028C3856800F85291 /* Build configuration list for PBXProject "Github-SwiftUI-Redux" */ = {
			isa = XCConfigurationList;
			buildConfigurations = (
				745FD57728C3857000F85291 /* Debug */,
				745FD57828C3857000F85291 /* Release */,
			);
			defaultConfigurationIsVisible = 0;
			defaultConfigurationName = Release;
		};
		745FD57928C3857000F85291 /* Build configuration list for PBXNativeTarget "Github-SwiftUI-Redux" */ = {
			isa = XCConfigurationList;
			buildConfigurations = (
				745FD57A28C3857000F85291 /* Debug */,
				745FD57B28C3857000F85291 /* Release */,
			);
			defaultConfigurationIsVisible = 0;
			defaultConfigurationName = Release;
		};
		745FD57C28C3857000F85291 /* Build configuration list for PBXNativeTarget "Github-SwiftUI-ReduxTests" */ = {
			isa = XCConfigurationList;
			buildConfigurations = (
				745FD57D28C3857000F85291 /* Debug */,
				745FD57E28C3857000F85291 /* Release */,
			);
			defaultConfigurationIsVisible = 0;
			defaultConfigurationName = Release;
		};
		745FD57F28C3857000F85291 /* Build configuration list for PBXNativeTarget "Github-SwiftUI-ReduxUITests" */ = {
			isa = XCConfigurationList;
			buildConfigurations = (
				745FD58028C3857000F85291 /* Debug */,
				745FD58128C3857000F85291 /* Release */,
			);
			defaultConfigurationIsVisible = 0;
			defaultConfigurationName = Release;
		};
/* End XCConfigurationList section */
	};
	rootObject = 745FD54D28C3856800F85291 /* Project object */;
}
